
Microsoft Visual Studio Solution File, Format Version 12.00
# Visual Studio Version 17
VisualStudioVersion = 17.8.34408.163
MinimumVisualStudioVersion = 10.0.40219.1
Project("{FAE04EC0-301F-11D3-BF4B-00C04F79EFBC}") = "mealApp", "mealApp.csproj", "{83EC60E8-CA78-4896-9C49-647AC82566EF}"
EndProject
Global
	GlobalSection(SolutionConfigurationPlatforms) = preSolution
		Debug|Any CPU = Debug|Any CPU
		Release|Any CPU = Release|Any CPU
	EndGlobalSection
	GlobalSection(ProjectConfigurationPlatforms) = postSolution
		{83EC60E8-CA78-4896-9C49-647AC82566EF}.Debug|Any CPU.ActiveCfg = Debug|Any CPU
		{83EC60E8-CA78-4896-9C49-647AC82566EF}.Debug|Any CPU.Build.0 = Debug|Any CPU
		{83EC60E8-CA78-4896-9C49-647AC82566EF}.Release|Any CPU.ActiveCfg = Release|Any CPU
		{83EC60E8-CA78-4896-9C49-647AC82566EF}.Release|Any CPU.Build.0 = Release|Any CPU
	EndGlobalSection
	GlobalSection(SolutionProperties) = preSolution
		HideSolutionNode = FALSE
	EndGlobalSection
	GlobalSection(ExtensibilityGlobals) = postSolution
		SolutionGuid = {7D24E318-C9F4-478D-98D7-D5A1F9B4D25A}
	EndGlobalSection
EndGlobal
